// !$*UTF8*$!
{
	archiveVersion = 1;
	classes = {
	};
	objectVersion = 56;
	objects = {

/* Begin PBXBuildFile section */
		292270572C7F2B5B00A5544A /* formatter_toolboxApp.swift in Sources */ = {isa = PBXBuildFile; fileRef = 292270562C7F2B5B00A5544A /* formatter_toolboxApp.swift */; };
		292270592C7F2B5B00A5544A /* ContentView.swift in Sources */ = {isa = PBXBuildFile; fileRef = 292270582C7F2B5B00A5544A /* ContentView.swift */; };
		2922706A2C7FF9C300A5544A /* WebKit.framework in Frameworks */ = {isa = PBXBuildFile; fileRef = 292270692C7FF9C300A5544A /* WebKit.framework */; };
		2922706C2C7FF9CD00A5544A /* AppKit.framework in Frameworks */ = {isa = PBXBuildFile; fileRef = 2922706B2C7FF9CD00A5544A /* AppKit.framework */; };
		29A348452C8546AF0097C826 /* OperationHistoryMapper.swift in Sources */ = {isa = PBXBuildFile; fileRef = 29A348442C8546AF0097C826 /* OperationHistoryMapper.swift */; };
		29CF330C2C92E73100A04B10 /* index.css in Resources */ = {isa = PBXBuildFile; fileRef = 29CF33062C92E73100A04B10 /* index.css */; };
		29CF330D2C92E73100A04B10 /* Balthazar-Regular.ttf in Resources */ = {isa = PBXBuildFile; fileRef = 29CF33072C92E73100A04B10 /* Balthazar-Regular.ttf */; };
		29CF330E2C92E73100A04B10 /* define-info.js in Resources */ = {isa = PBXBuildFile; fileRef = 29CF33082C92E73100A04B10 /* define-info.js */; };
		29CF33102C92E73100A04B10 /* index.js in Resources */ = {isa = PBXBuildFile; fileRef = 29CF330A2C92E73100A04B10 /* index.js */; };
		29CF33112C92E73100A04B10 /* index.html in Resources */ = {isa = PBXBuildFile; fileRef = 29CF330B2C92E73100A04B10 /* index.html */; };
		29CF33202C9432FE00A04B10 /* Assets.xcassets in Resources */ = {isa = PBXBuildFile; fileRef = 29CF331F2C9432FE00A04B10 /* Assets.xcassets */; };
		29E34EC62C80546500C8EC94 /* dataModel.xcdatamodeld in Sources */ = {isa = PBXBuildFile; fileRef = 29E34EC42C80546500C8EC94 /* dataModel.xcdatamodeld */; };
		29E34EC82C806F1D00C8EC94 /* CoreData.framework in Frameworks */ = {isa = PBXBuildFile; fileRef = 29E34EC72C806F1D00C8EC94 /* CoreData.framework */; };
		29E34ECA2C81532100C8EC94 /* UserSettingMapper.swift in Sources */ = {isa = PBXBuildFile; fileRef = 29E34EC92C81532100C8EC94 /* UserSettingMapper.swift */; };
		29E34ECC2C815C9A00C8EC94 /* PersistenceController.swift in Sources */ = {isa = PBXBuildFile; fileRef = 29E34ECB2C815C9A00C8EC94 /* PersistenceController.swift */; };
		29E34ECE2C819D2400C8EC94 /* FileController.swift in Sources */ = {isa = PBXBuildFile; fileRef = 29E34ECD2C819D2400C8EC94 /* FileController.swift */; };
/* End PBXBuildFile section */

/* Begin PBXFileReference section */
		292270532C7F2B5B00A5544A /* formatter-toolbox.app */ = {isa = PBXFileReference; explicitFileType = wrapper.application; includeInIndex = 0; path = "formatter-toolbox.app"; sourceTree = BUILT_PRODUCTS_DIR; };
		292270562C7F2B5B00A5544A /* formatter_toolboxApp.swift */ = {isa = PBXFileReference; lastKnownFileType = sourcecode.swift; path = formatter_toolboxApp.swift; sourceTree = "<group>"; };
		292270582C7F2B5B00A5544A /* ContentView.swift */ = {isa = PBXFileReference; lastKnownFileType = sourcecode.swift; path = ContentView.swift; sourceTree = "<group>"; };
		2922705F2C7F2B5C00A5544A /* formatter_toolbox.entitlements */ = {isa = PBXFileReference; lastKnownFileType = text.plist.entitlements; path = formatter_toolbox.entitlements; sourceTree = "<group>"; };
		292270692C7FF9C300A5544A /* WebKit.framework */ = {isa = PBXFileReference; lastKnownFileType = wrapper.framework; name = WebKit.framework; path = System/Library/Frameworks/WebKit.framework; sourceTree = SDKROOT; };
		2922706B2C7FF9CD00A5544A /* AppKit.framework */ = {isa = PBXFileReference; lastKnownFileType = wrapper.framework; name = AppKit.framework; path = System/Library/Frameworks/AppKit.framework; sourceTree = SDKROOT; };
		29A348442C8546AF0097C826 /* OperationHistoryMapper.swift */ = {isa = PBXFileReference; lastKnownFileType = sourcecode.swift; path = OperationHistoryMapper.swift; sourceTree = "<group>"; };
		29CF33062C92E73100A04B10 /* index.css */ = {isa = PBXFileReference; fileEncoding = 4; lastKnownFileType = text.css; name = index.css; path = "../../../ft-client/dist/index.css"; sourceTree = "<group>"; };
		29CF33072C92E73100A04B10 /* Balthazar-Regular.ttf */ = {isa = PBXFileReference; lastKnownFileType = file; name = "Balthazar-Regular.ttf"; path = "../../../ft-client/dist/Balthazar-Regular.ttf"; sourceTree = "<group>"; };
		29CF33082C92E73100A04B10 /* define-info.js */ = {isa = PBXFileReference; fileEncoding = 4; lastKnownFileType = sourcecode.javascript; name = "define-info.js"; path = "../../../ft-client/dist/define-info.js"; sourceTree = "<group>"; };
		29CF330A2C92E73100A04B10 /* index.js */ = {isa = PBXFileReference; fileEncoding = 4; lastKnownFileType = sourcecode.javascript; name = index.js; path = "../../../ft-client/dist/index.js"; sourceTree = "<group>"; };
		29CF330B2C92E73100A04B10 /* index.html */ = {isa = PBXFileReference; fileEncoding = 4; lastKnownFileType = text.html; name = index.html; path = "../../../ft-client/dist/index.html"; sourceTree = "<group>"; };
		29CF331F2C9432FE00A04B10 /* Assets.xcassets */ = {isa = PBXFileReference; lastKnownFileType = folder.assetcatalog; path = Assets.xcassets; sourceTree = "<group>"; };
		29E34EC52C80546500C8EC94 /* dataModel.xcdatamodel */ = {isa = PBXFileReference; lastKnownFileType = wrapper.xcdatamodel; path = dataModel.xcdatamodel; sourceTree = "<group>"; };
		29E34EC72C806F1D00C8EC94 /* CoreData.framework */ = {isa = PBXFileReference; lastKnownFileType = wrapper.framework; name = CoreData.framework; path = System/Library/Frameworks/CoreData.framework; sourceTree = SDKROOT; };
		29E34EC92C81532100C8EC94 /* UserSettingMapper.swift */ = {isa = PBXFileReference; lastKnownFileType = sourcecode.swift; path = UserSettingMapper.swift; sourceTree = "<group>"; };
		29E34ECB2C815C9A00C8EC94 /* PersistenceController.swift */ = {isa = PBXFileReference; lastKnownFileType = sourcecode.swift; path = PersistenceController.swift; sourceTree = "<group>"; };
		29E34ECD2C819D2400C8EC94 /* FileController.swift */ = {isa = PBXFileReference; lastKnownFileType = sourcecode.swift; path = FileController.swift; sourceTree = "<group>"; };
/* End PBXFileReference section */

/* Begin PBXFrameworksBuildPhase section */
		292270502C7F2B5B00A5544A /* Frameworks */ = {
			isa = PBXFrameworksBuildPhase;
			buildActionMask = 2147483647;
			files = (
				29E34EC82C806F1D00C8EC94 /* CoreData.framework in Frameworks */,
				2922706C2C7FF9CD00A5544A /* AppKit.framework in Frameworks */,
				2922706A2C7FF9C300A5544A /* WebKit.framework in Frameworks */,
			);
			runOnlyForDeploymentPostprocessing = 0;
		};
/* End PBXFrameworksBuildPhase section */

/* Begin PBXGroup section */
		2922704A2C7F2B5B00A5544A = {
			isa = PBXGroup;
			children = (
				292270552C7F2B5B00A5544A /* formatter-toolbox */,
				292270542C7F2B5B00A5544A /* Products */,
				292270682C7FF9C300A5544A /* Frameworks */,
			);
			sourceTree = "<group>";
		};
		292270542C7F2B5B00A5544A /* Products */ = {
			isa = PBXGroup;
			children = (
				292270532C7F2B5B00A5544A /* formatter-toolbox.app */,
			);
			name = Products;
			sourceTree = "<group>";
		};
		292270552C7F2B5B00A5544A /* formatter-toolbox */ = {
			isa = PBXGroup;
			children = (
				292270652C7FF8F900A5544A /* Resources */,
				292270562C7F2B5B00A5544A /* formatter_toolboxApp.swift */,
				292270582C7F2B5B00A5544A /* ContentView.swift */,
				29E34EC92C81532100C8EC94 /* UserSettingMapper.swift */,
				29A348442C8546AF0097C826 /* OperationHistoryMapper.swift */,
				29E34ECD2C819D2400C8EC94 /* FileController.swift */,
				29E34ECB2C815C9A00C8EC94 /* PersistenceController.swift */,
				29E34EC42C80546500C8EC94 /* dataModel.xcdatamodeld */,
				2922705F2C7F2B5C00A5544A /* formatter_toolbox.entitlements */,
				29CF331F2C9432FE00A04B10 /* Assets.xcassets */,
			);
			path = "formatter-toolbox";
			sourceTree = "<group>";
		};
		292270652C7FF8F900A5544A /* Resources */ = {
			isa = PBXGroup;
			children = (
				29CF33072C92E73100A04B10 /* Balthazar-Regular.ttf */,
				29CF33082C92E73100A04B10 /* define-info.js */,
				29CF33062C92E73100A04B10 /* index.css */,
				29CF330B2C92E73100A04B10 /* index.html */,
				29CF330A2C92E73100A04B10 /* index.js */,
			);
			path = Resources;
			sourceTree = "<group>";
		};
		292270682C7FF9C300A5544A /* Frameworks */ = {
			isa = PBXGroup;
			children = (
				29E34EC72C806F1D00C8EC94 /* CoreData.framework */,
				2922706B2C7FF9CD00A5544A /* AppKit.framework */,
				292270692C7FF9C300A5544A /* WebKit.framework */,
			);
			name = Frameworks;
			sourceTree = "<group>";
		};
/* End PBXGroup section */

/* Begin PBXNativeTarget section */
		292270522C7F2B5B00A5544A /* formatter-toolbox */ = {
			isa = PBXNativeTarget;
			buildConfigurationList = 292270622C7F2B5C00A5544A /* Build configuration list for PBXNativeTarget "formatter-toolbox" */;
			buildPhases = (
				2922704F2C7F2B5B00A5544A /* Sources */,
				292270502C7F2B5B00A5544A /* Frameworks */,
				292270512C7F2B5B00A5544A /* Resources */,
			);
			buildRules = (
			);
			dependencies = (
			);
			name = "formatter-toolbox";
			packageProductDependencies = (
			);
			productName = "formatter-toolbox";
			productReference = 292270532C7F2B5B00A5544A /* formatter-toolbox.app */;
			productType = "com.apple.product-type.application";
		};
/* End PBXNativeTarget section */

/* Begin PBXProject section */
		2922704B2C7F2B5B00A5544A /* Project object */ = {
			isa = PBXProject;
			attributes = {
				BuildIndependentTargetsInParallel = 1;
				LastSwiftUpdateCheck = 1540;
				LastUpgradeCheck = 1540;
				TargetAttributes = {
					292270522C7F2B5B00A5544A = {
						CreatedOnToolsVersion = 15.4;
					};
				};
			};
			buildConfigurationList = 2922704E2C7F2B5B00A5544A /* Build configuration list for PBXProject "formatter-toolbox" */;
			compatibilityVersion = "Xcode 14.0";
			developmentRegion = en;
			hasScannedForEncodings = 0;
			knownRegions = (
				en,
				Base,
			);
			mainGroup = 2922704A2C7F2B5B00A5544A;
			packageReferences = (
			);
			productRefGroup = 292270542C7F2B5B00A5544A /* Products */;
			projectDirPath = "";
			projectRoot = "";
			targets = (
				292270522C7F2B5B00A5544A /* formatter-toolbox */,
			);
		};
/* End PBXProject section */

/* Begin PBXResourcesBuildPhase section */
		292270512C7F2B5B00A5544A /* Resources */ = {
			isa = PBXResourcesBuildPhase;
			buildActionMask = 2147483647;
			files = (
				29CF330D2C92E73100A04B10 /* Balthazar-Regular.ttf in Resources */,
				29CF33102C92E73100A04B10 /* index.js in Resources */,
				29CF33112C92E73100A04B10 /* index.html in Resources */,
				29CF33202C9432FE00A04B10 /* Assets.xcassets in Resources */,
				29CF330C2C92E73100A04B10 /* index.css in Resources */,
				29CF330E2C92E73100A04B10 /* define-info.js in Resources */,
			);
			runOnlyForDeploymentPostprocessing = 0;
		};
/* End PBXResourcesBuildPhase section */

/* Begin PBXSourcesBuildPhase section */
		2922704F2C7F2B5B00A5544A /* Sources */ = {
			isa = PBXSourcesBuildPhase;
			buildActionMask = 2147483647;
			files = (
				292270592C7F2B5B00A5544A /* ContentView.swift in Sources */,
				29E34ECA2C81532100C8EC94 /* UserSettingMapper.swift in Sources */,
				29E34EC62C80546500C8EC94 /* dataModel.xcdatamodeld in Sources */,
				29E34ECE2C819D2400C8EC94 /* FileController.swift in Sources */,
				292270572C7F2B5B00A5544A /* formatter_toolboxApp.swift in Sources */,
				29A348452C8546AF0097C826 /* OperationHistoryMapper.swift in Sources */,
				29E34ECC2C815C9A00C8EC94 /* PersistenceController.swift in Sources */,
			);
			runOnlyForDeploymentPostprocessing = 0;
		};
/* End PBXSourcesBuildPhase section */

/* Begin XCBuildConfiguration section */
		292270602C7F2B5C00A5544A /* Debug */ = {
			isa = XCBuildConfiguration;
			buildSettings = {
				ALWAYS_SEARCH_USER_PATHS = NO;
				ASSETCATALOG_COMPILER_GENERATE_SWIFT_ASSET_SYMBOL_EXTENSIONS = YES;
				CLANG_ANALYZER_NONNULL = YES;
				CLANG_ANALYZER_NUMBER_OBJECT_CONVERSION = YES_AGGRESSIVE;
				CLANG_CXX_LANGUAGE_STANDARD = "gnu++20";
				CLANG_ENABLE_MODULES = YES;
				CLANG_ENABLE_OBJC_ARC = YES;
				CLANG_ENABLE_OBJC_WEAK = YES;
				CLANG_WARN_BLOCK_CAPTURE_AUTORELEASING = YES;
				CLANG_WARN_BOOL_CONVERSION = YES;
				CLANG_WARN_COMMA = YES;
				CLANG_WARN_CONSTANT_CONVERSION = YES;
				CLANG_WARN_DEPRECATED_OBJC_IMPLEMENTATIONS = YES;
				CLANG_WARN_DIRECT_OBJC_ISA_USAGE = YES_ERROR;
				CLANG_WARN_DOCUMENTATION_COMMENTS = YES;
				CLANG_WARN_EMPTY_BODY = YES;
				CLANG_WARN_ENUM_CONVERSION = YES;
				CLANG_WARN_INFINITE_RECURSION = YES;
				CLANG_WARN_INT_CONVERSION = YES;
				CLANG_WARN_NON_LITERAL_NULL_CONVERSION = YES;
				CLANG_WARN_OBJC_IMPLICIT_RETAIN_SELF = YES;
				CLANG_WARN_OBJC_LITERAL_CONVERSION = YES;
				CLANG_WARN_OBJC_ROOT_CLASS = YES_ERROR;
				CLANG_WARN_QUOTED_INCLUDE_IN_FRAMEWORK_HEADER = YES;
				CLANG_WARN_RANGE_LOOP_ANALYSIS = YES;
				CLANG_WARN_STRICT_PROTOTYPES = YES;
				CLANG_WARN_SUSPICIOUS_MOVE = YES;
				CLANG_WARN_UNGUARDED_AVAILABILITY = YES_AGGRESSIVE;
				CLANG_WARN_UNREACHABLE_CODE = YES;
				CLANG_WARN__DUPLICATE_METHOD_MATCH = YES;
				COPY_PHASE_STRIP = NO;
				DEBUG_INFORMATION_FORMAT = dwarf;
				ENABLE_STRICT_OBJC_MSGSEND = YES;
				ENABLE_TESTABILITY = YES;
				ENABLE_USER_SCRIPT_SANDBOXING = YES;
				GCC_C_LANGUAGE_STANDARD = gnu17;
				GCC_DYNAMIC_NO_PIC = NO;
				GCC_NO_COMMON_BLOCKS = YES;
				GCC_OPTIMIZATION_LEVEL = 0;
				GCC_PREPROCESSOR_DEFINITIONS = (
					"DEBUG=1",
					"$(inherited)",
				);
				GCC_WARN_64_TO_32_BIT_CONVERSION = YES;
				GCC_WARN_ABOUT_RETURN_TYPE = YES_ERROR;
				GCC_WARN_UNDECLARED_SELECTOR = YES;
				GCC_WARN_UNINITIALIZED_AUTOS = YES_AGGRESSIVE;
				GCC_WARN_UNUSED_FUNCTION = YES;
				GCC_WARN_UNUSED_VARIABLE = YES;
				LOCALIZATION_PREFERS_STRING_CATALOGS = YES;
				MACOSX_DEPLOYMENT_TARGET = 14.5;
				MTL_ENABLE_DEBUG_INFO = INCLUDE_SOURCE;
				MTL_FAST_MATH = YES;
				ONLY_ACTIVE_ARCH = YES;
				SDKROOT = macosx;
				SWIFT_ACTIVE_COMPILATION_CONDITIONS = "DEBUG $(inherited)";
				SWIFT_OPTIMIZATION_LEVEL = "-Onone";
			};
			name = Debug;
		};
		292270612C7F2B5C00A5544A /* Release */ = {
			isa = XCBuildConfiguration;
			buildSettings = {
				ALWAYS_SEARCH_USER_PATHS = NO;
				ASSETCATALOG_COMPILER_GENERATE_SWIFT_ASSET_SYMBOL_EXTENSIONS = YES;
				CLANG_ANALYZER_NONNULL = YES;
				CLANG_ANALYZER_NUMBER_OBJECT_CONVERSION = YES_AGGRESSIVE;
				CLANG_CXX_LANGUAGE_STANDARD = "gnu++20";
				CLANG_ENABLE_MODULES = YES;
				CLANG_ENABLE_OBJC_ARC = YES;
				CLANG_ENABLE_OBJC_WEAK = YES;
				CLANG_WARN_BLOCK_CAPTURE_AUTORELEASING = YES;
				CLANG_WARN_BOOL_CONVERSION = YES;
				CLANG_WARN_COMMA = YES;
				CLANG_WARN_CONSTANT_CONVERSION = YES;
				CLANG_WARN_DEPRECATED_OBJC_IMPLEMENTATIONS = YES;
				CLANG_WARN_DIRECT_OBJC_ISA_USAGE = YES_ERROR;
				CLANG_WARN_DOCUMENTATION_COMMENTS = YES;
				CLANG_WARN_EMPTY_BODY = YES;
				CLANG_WARN_ENUM_CONVERSION = YES;
				CLANG_WARN_INFINITE_RECURSION = YES;
				CLANG_WARN_INT_CONVERSION = YES;
				CLANG_WARN_NON_LITERAL_NULL_CONVERSION = YES;
				CLANG_WARN_OBJC_IMPLICIT_RETAIN_SELF = YES;
				CLANG_WARN_OBJC_LITERAL_CONVERSION = YES;
				CLANG_WARN_OBJC_ROOT_CLASS = YES_ERROR;
				CLANG_WARN_QUOTED_INCLUDE_IN_FRAMEWORK_HEADER = YES;
				CLANG_WARN_RANGE_LOOP_ANALYSIS = YES;
				CLANG_WARN_STRICT_PROTOTYPES = YES;
				CLANG_WARN_SUSPICIOUS_MOVE = YES;
				CLANG_WARN_UNGUARDED_AVAILABILITY = YES_AGGRESSIVE;
				CLANG_WARN_UNREACHABLE_CODE = YES;
				CLANG_WARN__DUPLICATE_METHOD_MATCH = YES;
				COPY_PHASE_STRIP = NO;
				DEBUG_INFORMATION_FORMAT = "dwarf-with-dsym";
				ENABLE_NS_ASSERTIONS = NO;
				ENABLE_STRICT_OBJC_MSGSEND = YES;
				ENABLE_USER_SCRIPT_SANDBOXING = YES;
				GCC_C_LANGUAGE_STANDARD = gnu17;
				GCC_NO_COMMON_BLOCKS = YES;
				GCC_WARN_64_TO_32_BIT_CONVERSION = YES;
				GCC_WARN_ABOUT_RETURN_TYPE = YES_ERROR;
				GCC_WARN_UNDECLARED_SELECTOR = YES;
				GCC_WARN_UNINITIALIZED_AUTOS = YES_AGGRESSIVE;
				GCC_WARN_UNUSED_FUNCTION = YES;
				GCC_WARN_UNUSED_VARIABLE = YES;
				LOCALIZATION_PREFERS_STRING_CATALOGS = YES;
				MACOSX_DEPLOYMENT_TARGET = 14.5;
				MTL_ENABLE_DEBUG_INFO = NO;
				MTL_FAST_MATH = YES;
				SDKROOT = macosx;
				SWIFT_COMPILATION_MODE = wholemodule;
			};
			name = Release;
		};
		292270632C7F2B5C00A5544A /* Debug */ = {
			isa = XCBuildConfiguration;
			buildSettings = {
				ASSETCATALOG_COMPILER_APPICON_NAME = AppIcon;
				ASSETCATALOG_COMPILER_GLOBAL_ACCENT_COLOR_NAME = AccentColor;
				ASSETCATALOG_COMPILER_INCLUDE_ALL_APPICON_ASSETS = NO;
				CODE_SIGN_ENTITLEMENTS = "formatter-toolbox/formatter_toolbox.entitlements";
				CODE_SIGN_STYLE = Automatic;
				COMBINE_HIDPI_IMAGES = YES;
				CURRENT_PROJECT_VERSION = 1;
				DEVELOPMENT_ASSET_PATHS = "";
				ENABLE_PREVIEWS = YES;
				GENERATE_INFOPLIST_FILE = YES;
				INFOPLIST_KEY_NSHumanReadableCopyright = "";
				LD_RUNPATH_SEARCH_PATHS = (
					"$(inherited)",
					"@executable_path/../Frameworks",
				);
				MARKETING_VERSION = 1.0;
				PRODUCT_BUNDLE_IDENTIFIER = "geloo.com.formatter-toolbox";
				PRODUCT_NAME = "$(TARGET_NAME)";
				SWIFT_EMIT_LOC_STRINGS = YES;
				SWIFT_VERSION = 5.0;
			};
			name = Debug;
		};
		292270642C7F2B5C00A5544A /* Release */ = {
			isa = XCBuildConfiguration;
			buildSettings = {
				ASSETCATALOG_COMPILER_APPICON_NAME = AppIcon;
				ASSETCATALOG_COMPILER_GLOBAL_ACCENT_COLOR_NAME = AccentColor;
				ASSETCATALOG_COMPILER_INCLUDE_ALL_APPICON_ASSETS = NO;
				CODE_SIGN_ENTITLEMENTS = "formatter-toolbox/formatter_toolbox.entitlements";
				CODE_SIGN_STYLE = Automatic;
				COMBINE_HIDPI_IMAGES = YES;
				CURRENT_PROJECT_VERSION = 1;
				DEVELOPMENT_ASSET_PATHS = "";
				ENABLE_PREVIEWS = YES;
				GENERATE_INFOPLIST_FILE = YES;
				INFOPLIST_KEY_NSHumanReadableCopyright = "";
				LD_RUNPATH_SEARCH_PATHS = (
					"$(inherited)",
					"@executable_path/../Frameworks",
				);
				MARKETING_VERSION = 1.0;
				PRODUCT_BUNDLE_IDENTIFIER = "geloo.com.formatter-toolbox";
				PRODUCT_NAME = "$(TARGET_NAME)";
				SWIFT_EMIT_LOC_STRINGS = YES;
				SWIFT_VERSION = 5.0;
			};
			name = Release;
		};
/* End XCBuildConfiguration section */

/* Begin XCConfigurationList section */
		2922704E2C7F2B5B00A5544A /* Build configuration list for PBXProject "formatter-toolbox" */ = {
			isa = XCConfigurationList;
			buildConfigurations = (
				292270602C7F2B5C00A5544A /* Debug */,
				292270612C7F2B5C00A5544A /* Release */,
			);
			defaultConfigurationIsVisible = 0;
			defaultConfigurationName = Release;
		};
		292270622C7F2B5C00A5544A /* Build configuration list for PBXNativeTarget "formatter-toolbox" */ = {
			isa = XCConfigurationList;
			buildConfigurations = (
				292270632C7F2B5C00A5544A /* Debug */,
				292270642C7F2B5C00A5544A /* Release */,
			);
			defaultConfigurationIsVisible = 0;
			defaultConfigurationName = Release;
		};
/* End XCConfigurationList section */

/* Begin XCVersionGroup section */
		29E34EC42C80546500C8EC94 /* dataModel.xcdatamodeld */ = {
			isa = XCVersionGroup;
			children = (
				29E34EC52C80546500C8EC94 /* dataModel.xcdatamodel */,
			);
			currentVersion = 29E34EC52C80546500C8EC94 /* dataModel.xcdatamodel */;
			path = dataModel.xcdatamodeld;
			sourceTree = "<group>";
			versionGroupType = wrapper.xcdatamodel;
		};
/* End XCVersionGroup section */
	};
	rootObject = 2922704B2C7F2B5B00A5544A /* Project object */;
}
